
Microsoft Visual Studio Solution File, Format Version 12.00
# Visual Studio Version 16
VisualStudioVersion = 16.0.31729.503
MinimumVisualStudioVersion = 10.0.40219.1
Project("{8BC9CEB8-8B4A-11D0-8D11-00A0C91BC942}") = "POKEMON", "POKEMON.vcxproj", "{436D1FA9-661B-48C7-9DA4-E251A3FFFDBF}"
EndProject
Global
	GlobalSection(SolutionConfigurationPlatforms) = preSolution
		Debug|x64 = Debug|x64
		Debug|x86 = Debug|x86
		Release|x64 = Release|x64
		Release|x86 = Release|x86
	EndGlobalSection
	GlobalSection(ProjectConfigurationPlatforms) = postSolution
		{436D1FA9-661B-48C7-9DA4-E251A3FFFDBF}.Debug|x64.ActiveCfg = Debug|x64
		{436D1FA9-661B-48C7-9DA4-E251A3FFFDBF}.Debug|x64.Build.0 = Debug|x64
		{436D1FA9-661B-48C7-9DA4-E251A3FFFDBF}.Debug|x86.ActiveCfg = Debug|Win32
		{436D1FA9-661B-48C7-9DA4-E251A3FFFDBF}.Debug|x86.Build.0 = Debug|Win32
		{436D1FA9-661B-48C7-9DA4-E251A3FFFDBF}.Release|x64.ActiveCfg = Release|x64
		{436D1FA9-661B-48C7-9DA4-E251A3FFFDBF}.Release|x64.Build.0 = Release|x64
		{436D1FA9-661B-48C7-9DA4-E251A3FFFDBF}.Release|x86.ActiveCfg = Release|Win32
		{436D1FA9-661B-48C7-9DA4-E251A3FFFDBF}.Release|x86.Build.0 = Release|Win32
	EndGlobalSection
	GlobalSection(SolutionProperties) = preSolution
		HideSolutionNode = FALSE
	EndGlobalSection
	GlobalSection(ExtensibilityGlobals) = postSolution
		SolutionGuid = {16FC9325-4FE6-4B7A-8C80-E552D7257AE7}
	EndGlobalSection
EndGlobal
